// !$*UTF8*$!
{
	archiveVersion = 1;
	classes = {
	};
	objectVersion = 46;
	objects = {

/* Begin PBXBuildFile section */
		2F3F25BC1B1E6BDC00F635E7 /* Extensions.swift in Sources */ = {isa = PBXBuildFile; fileRef = 2F3F25BB1B1E6BDC00F635E7 /* Extensions.swift */; };
		2F3FAAC91B221970005C8CF5 /* SwiftLoader.swift in Sources */ = {isa = PBXBuildFile; fileRef = 2F3FAAC81B221970005C8CF5 /* SwiftLoader.swift */; };
		2F5C233C1B1BDDC1008F25E0 /* ShoeHistory.swift in Sources */ = {isa = PBXBuildFile; fileRef = 2F5C233B1B1BDDC1008F25E0 /* ShoeHistory.swift */; };
		2F5C23401B1BF579008F25E0 /* ResultsViewController.swift in Sources */ = {isa = PBXBuildFile; fileRef = 2F5C233F1B1BF579008F25E0 /* ResultsViewController.swift */; };
		2F753E2E1B1AE07C00B0BD42 /* ShoeModel.xcdatamodeld in Sources */ = {isa = PBXBuildFile; fileRef = 2F753E2C1B1AE07C00B0BD42 /* ShoeModel.xcdatamodeld */; };
		2F753E301B1AE30000B0BD42 /* CoreData.framework in Frameworks */ = {isa = PBXBuildFile; fileRef = 2F753E2F1B1AE30000B0BD42 /* CoreData.framework */; };
		2F75542B1B18F90C0047E878 /* PushNoAnimationSegue.swift in Sources */ = {isa = PBXBuildFile; fileRef = 2F75542A1B18F90C0047E878 /* PushNoAnimationSegue.swift */; };
		2F8402A51B1518FA00318EDE /* Images.xcassets in Resources */ = {isa = PBXBuildFile; fileRef = 785505021B017762003C58AF /* Images.xcassets */; };
		2FDF8E951B159907002237A7 /* OverlayView.xib in Resources */ = {isa = PBXBuildFile; fileRef = 2FDF8E941B159907002237A7 /* OverlayView.xib */; };
		2FEA58291B195280006C4E5A /* SwiftyJSON.swift in Sources */ = {isa = PBXBuildFile; fileRef = 2FEA58281B195280006C4E5A /* SwiftyJSON.swift */; };
		2FEA582B1B1AB2A1006C4E5A /* Shoe.swift in Sources */ = {isa = PBXBuildFile; fileRef = 2FEA582A1B1AB2A1006C4E5A /* Shoe.swift */; };
		2FEB1AB61B15052400B80F60 /* CameraController.swift in Sources */ = {isa = PBXBuildFile; fileRef = 2FEB1AB51B15052400B80F60 /* CameraController.swift */; };
		2FF17FBD1B14508E00BFAEFA /* HistoryViewController.swift in Sources */ = {isa = PBXBuildFile; fileRef = 2FF17FBC1B14508E00BFAEFA /* HistoryViewController.swift */; };
		2FF17FBF1B14526E00BFAEFA /* Backend.swift in Sources */ = {isa = PBXBuildFile; fileRef = 2FF17FBE1B14526E00BFAEFA /* Backend.swift */; };
		2FF17FC11B14609F00BFAEFA /* ShoeHeaderView.swift in Sources */ = {isa = PBXBuildFile; fileRef = 2FF17FC01B14609F00BFAEFA /* ShoeHeaderView.swift */; };
		2FF17FC51B146D8600BFAEFA /* ShoeCell.swift in Sources */ = {isa = PBXBuildFile; fileRef = 2FF17FC41B146D8600BFAEFA /* ShoeCell.swift */; };
		785504FA1B017762003C58AF /* AppDelegate.swift in Sources */ = {isa = PBXBuildFile; fileRef = 785504F91B017762003C58AF /* AppDelegate.swift */; };
		785505011B017762003C58AF /* Main.storyboard in Resources */ = {isa = PBXBuildFile; fileRef = 785504FF1B017762003C58AF /* Main.storyboard */; };
		785505031B017762003C58AF /* Images.xcassets in Resources */ = {isa = PBXBuildFile; fileRef = 785505021B017762003C58AF /* Images.xcassets */; };
		785505061B017762003C58AF /* LaunchScreen.xib in Resources */ = {isa = PBXBuildFile; fileRef = 785505041B017762003C58AF /* LaunchScreen.xib */; };
		785505121B017762003C58AF /* ShoeMeNotTests.swift in Sources */ = {isa = PBXBuildFile; fileRef = 785505111B017762003C58AF /* ShoeMeNotTests.swift */; };
		BE290E751B1C2ED70062EDA0 /* HistoryCell.swift in Sources */ = {isa = PBXBuildFile; fileRef = BE290E741B1C2ED70062EDA0 /* HistoryCell.swift */; };
		BE6D32B61B14F128001FBF21 /* ShoeViewController.swift in Sources */ = {isa = PBXBuildFile; fileRef = BE6D32B51B14F128001FBF21 /* ShoeViewController.swift */; };
		BE6D32B81B1502AD001FBF21 /* FavoritesViewController.swift in Sources */ = {isa = PBXBuildFile; fileRef = BE6D32B71B1502AD001FBF21 /* FavoritesViewController.swift */; };
		BE6D32BA1B151587001FBF21 /* DiscoverViewController.swift in Sources */ = {isa = PBXBuildFile; fileRef = BE6D32B91B151587001FBF21 /* DiscoverViewController.swift */; };
		BE6D32BE1B178C2D001FBF21 /* DrawViewController.swift in Sources */ = {isa = PBXBuildFile; fileRef = BE6D32BD1B178C2D001FBF21 /* DrawViewController.swift */; };
		BE7F312F1B26CEC800848A12 /* SearchOptionsViewController.swift in Sources */ = {isa = PBXBuildFile; fileRef = BE7F312E1B26CEC800848A12 /* SearchOptionsViewController.swift */; };
/* End PBXBuildFile section */

/* Begin PBXContainerItemProxy section */
		7855050C1B017762003C58AF /* PBXContainerItemProxy */ = {
			isa = PBXContainerItemProxy;
			containerPortal = 785504EC1B017762003C58AF /* Project object */;
			proxyType = 1;
			remoteGlobalIDString = 785504F31B017762003C58AF;
			remoteInfo = ShoeMeNot;
		};
/* End PBXContainerItemProxy section */

/* Begin PBXFileReference section */
		2F3F25BB1B1E6BDC00F635E7 /* Extensions.swift */ = {isa = PBXFileReference; fileEncoding = 4; lastKnownFileType = sourcecode.swift; path = Extensions.swift; sourceTree = "<group>"; };
		2F3FAAC81B221970005C8CF5 /* SwiftLoader.swift */ = {isa = PBXFileReference; fileEncoding = 4; lastKnownFileType = sourcecode.swift; path = SwiftLoader.swift; sourceTree = "<group>"; };
		2F5C233B1B1BDDC1008F25E0 /* ShoeHistory.swift */ = {isa = PBXFileReference; fileEncoding = 4; lastKnownFileType = sourcecode.swift; path = ShoeHistory.swift; sourceTree = "<group>"; };
		2F5C233F1B1BF579008F25E0 /* ResultsViewController.swift */ = {isa = PBXFileReference; fileEncoding = 4; lastKnownFileType = sourcecode.swift; path = ResultsViewController.swift; sourceTree = "<group>"; };
		2F753E2D1B1AE07C00B0BD42 /* ShoeModel.xcdatamodel */ = {isa = PBXFileReference; lastKnownFileType = wrapper.xcdatamodel; path = ShoeModel.xcdatamodel; sourceTree = "<group>"; };
		2F753E2F1B1AE30000B0BD42 /* CoreData.framework */ = {isa = PBXFileReference; lastKnownFileType = wrapper.framework; name = CoreData.framework; path = System/Library/Frameworks/CoreData.framework; sourceTree = SDKROOT; };
		2F75542A1B18F90C0047E878 /* PushNoAnimationSegue.swift */ = {isa = PBXFileReference; fileEncoding = 4; lastKnownFileType = sourcecode.swift; path = PushNoAnimationSegue.swift; sourceTree = "<group>"; };
		2FDF8E941B159907002237A7 /* OverlayView.xib */ = {isa = PBXFileReference; fileEncoding = 4; lastKnownFileType = file.xib; path = OverlayView.xib; sourceTree = "<group>"; };
		2FEA58281B195280006C4E5A /* SwiftyJSON.swift */ = {isa = PBXFileReference; fileEncoding = 4; lastKnownFileType = sourcecode.swift; path = SwiftyJSON.swift; sourceTree = "<group>"; };
		2FEA582A1B1AB2A1006C4E5A /* Shoe.swift */ = {isa = PBXFileReference; fileEncoding = 4; lastKnownFileType = sourcecode.swift; path = Shoe.swift; sourceTree = "<group>"; };
		2FEB1AB51B15052400B80F60 /* CameraController.swift */ = {isa = PBXFileReference; fileEncoding = 4; lastKnownFileType = sourcecode.swift; path = CameraController.swift; sourceTree = "<group>"; };
		2FF17FBC1B14508E00BFAEFA /* HistoryViewController.swift */ = {isa = PBXFileReference; fileEncoding = 4; lastKnownFileType = sourcecode.swift; path = HistoryViewController.swift; sourceTree = "<group>"; };
		2FF17FBE1B14526E00BFAEFA /* Backend.swift */ = {isa = PBXFileReference; fileEncoding = 4; lastKnownFileType = sourcecode.swift; path = Backend.swift; sourceTree = "<group>"; };
		2FF17FC01B14609F00BFAEFA /* ShoeHeaderView.swift */ = {isa = PBXFileReference; fileEncoding = 4; lastKnownFileType = sourcecode.swift; path = ShoeHeaderView.swift; sourceTree = "<group>"; };
		2FF17FC41B146D8600BFAEFA /* ShoeCell.swift */ = {isa = PBXFileReference; fileEncoding = 4; lastKnownFileType = sourcecode.swift; path = ShoeCell.swift; sourceTree = "<group>"; };
		7804BCBA1B12473F0048D95A /* ShoeMeNot.entitlements */ = {isa = PBXFileReference; lastKnownFileType = text.xml; path = ShoeMeNot.entitlements; sourceTree = "<group>"; };
		785504F41B017762003C58AF /* ShoeMeNot.app */ = {isa = PBXFileReference; explicitFileType = wrapper.application; includeInIndex = 0; path = ShoeMeNot.app; sourceTree = BUILT_PRODUCTS_DIR; };
		785504F81B017762003C58AF /* Info.plist */ = {isa = PBXFileReference; lastKnownFileType = text.plist.xml; path = Info.plist; sourceTree = "<group>"; };
		785504F91B017762003C58AF /* AppDelegate.swift */ = {isa = PBXFileReference; lastKnownFileType = sourcecode.swift; path = AppDelegate.swift; sourceTree = "<group>"; };
		785505001B017762003C58AF /* Base */ = {isa = PBXFileReference; lastKnownFileType = file.storyboard; name = Base; path = Base.lproj/Main.storyboard; sourceTree = "<group>"; };
		785505021B017762003C58AF /* Images.xcassets */ = {isa = PBXFileReference; lastKnownFileType = folder.assetcatalog; path = Images.xcassets; sourceTree = "<group>"; };
		785505051B017762003C58AF /* Base */ = {isa = PBXFileReference; lastKnownFileType = file.xib; name = Base; path = Base.lproj/LaunchScreen.xib; sourceTree = "<group>"; };
		7855050B1B017762003C58AF /* ShoeMeNotTests.xctest */ = {isa = PBXFileReference; explicitFileType = wrapper.cfbundle; includeInIndex = 0; path = ShoeMeNotTests.xctest; sourceTree = BUILT_PRODUCTS_DIR; };
		785505101B017762003C58AF /* Info.plist */ = {isa = PBXFileReference; lastKnownFileType = text.plist.xml; path = Info.plist; sourceTree = "<group>"; };
		785505111B017762003C58AF /* ShoeMeNotTests.swift */ = {isa = PBXFileReference; lastKnownFileType = sourcecode.swift; path = ShoeMeNotTests.swift; sourceTree = "<group>"; };
		BE290E741B1C2ED70062EDA0 /* HistoryCell.swift */ = {isa = PBXFileReference; fileEncoding = 4; lastKnownFileType = sourcecode.swift; path = HistoryCell.swift; sourceTree = "<group>"; };
		BE6D32B51B14F128001FBF21 /* ShoeViewController.swift */ = {isa = PBXFileReference; fileEncoding = 4; lastKnownFileType = sourcecode.swift; path = ShoeViewController.swift; sourceTree = "<group>"; };
		BE6D32B71B1502AD001FBF21 /* FavoritesViewController.swift */ = {isa = PBXFileReference; fileEncoding = 4; lastKnownFileType = sourcecode.swift; path = FavoritesViewController.swift; sourceTree = "<group>"; };
		BE6D32B91B151587001FBF21 /* DiscoverViewController.swift */ = {isa = PBXFileReference; fileEncoding = 4; lastKnownFileType = sourcecode.swift; path = DiscoverViewController.swift; sourceTree = "<group>"; };
		BE6D32BD1B178C2D001FBF21 /* DrawViewController.swift */ = {isa = PBXFileReference; fileEncoding = 4; lastKnownFileType = sourcecode.swift; path = DrawViewController.swift; sourceTree = "<group>"; };
		BE7F312E1B26CEC800848A12 /* SearchOptionsViewController.swift */ = {isa = PBXFileReference; fileEncoding = 4; lastKnownFileType = sourcecode.swift; path = SearchOptionsViewController.swift; sourceTree = "<group>"; };
/* End PBXFileReference section */

/* Begin PBXFrameworksBuildPhase section */
		785504F11B017762003C58AF /* Frameworks */ = {
			isa = PBXFrameworksBuildPhase;
			buildActionMask = 2147483647;
			files = (
				2F753E301B1AE30000B0BD42 /* CoreData.framework in Frameworks */,
			);
			runOnlyForDeploymentPostprocessing = 0;
		};
		785505081B017762003C58AF /* Frameworks */ = {
			isa = PBXFrameworksBuildPhase;
			buildActionMask = 2147483647;
			files = (
			);
			runOnlyForDeploymentPostprocessing = 0;
		};
/* End PBXFrameworksBuildPhase section */

/* Begin PBXGroup section */
		785504EB1B017762003C58AF = {
			isa = PBXGroup;
			children = (
				2F753E2F1B1AE30000B0BD42 /* CoreData.framework */,
				785504F61B017762003C58AF /* ShoeMeNot */,
				7855050E1B017762003C58AF /* ShoeMeNotTests */,
				785504F51B017762003C58AF /* Products */,
			);
			sourceTree = "<group>";
		};
		785504F51B017762003C58AF /* Products */ = {
			isa = PBXGroup;
			children = (
				785504F41B017762003C58AF /* ShoeMeNot.app */,
				7855050B1B017762003C58AF /* ShoeMeNotTests.xctest */,
			);
			name = Products;
			sourceTree = "<group>";
		};
		785504F61B017762003C58AF /* ShoeMeNot */ = {
			isa = PBXGroup;
			children = (
				2FEA58281B195280006C4E5A /* SwiftyJSON.swift */,
				2F3FAAC81B221970005C8CF5 /* SwiftLoader.swift */,
				7804BCBA1B12473F0048D95A /* ShoeMeNot.entitlements */,
				785504F91B017762003C58AF /* AppDelegate.swift */,
				785504FF1B017762003C58AF /* Main.storyboard */,
				2F753E2C1B1AE07C00B0BD42 /* ShoeModel.xcdatamodeld */,
				2FDF8E941B159907002237A7 /* OverlayView.xib */,
				2FEB1AB51B15052400B80F60 /* CameraController.swift */,
				2F75542A1B18F90C0047E878 /* PushNoAnimationSegue.swift */,
				2FF17FC41B146D8600BFAEFA /* ShoeCell.swift */,
				BE290E741B1C2ED70062EDA0 /* HistoryCell.swift */,
				2FF17FC01B14609F00BFAEFA /* ShoeHeaderView.swift */,
				2FF17FBE1B14526E00BFAEFA /* Backend.swift */,
				2F3F25BB1B1E6BDC00F635E7 /* Extensions.swift */,
				2FEA582A1B1AB2A1006C4E5A /* Shoe.swift */,
				2F5C233B1B1BDDC1008F25E0 /* ShoeHistory.swift */,
				2FF17FBC1B14508E00BFAEFA /* HistoryViewController.swift */,
				BE6D32B71B1502AD001FBF21 /* FavoritesViewController.swift */,
				BE6D32B91B151587001FBF21 /* DiscoverViewController.swift */,
				2F5C233F1B1BF579008F25E0 /* ResultsViewController.swift */,
				BE6D32B51B14F128001FBF21 /* ShoeViewController.swift */,
				BE7F312E1B26CEC800848A12 /* SearchOptionsViewController.swift */,
				BE6D32BD1B178C2D001FBF21 /* DrawViewController.swift */,
				785505021B017762003C58AF /* Images.xcassets */,
				785505041B017762003C58AF /* LaunchScreen.xib */,
				785504F71B017762003C58AF /* Supporting Files */,
			);
			path = ShoeMeNot;
			sourceTree = "<group>";
		};
		785504F71B017762003C58AF /* Supporting Files */ = {
			isa = PBXGroup;
			children = (
				785504F81B017762003C58AF /* Info.plist */,
			);
			name = "Supporting Files";
			sourceTree = "<group>";
		};
		7855050E1B017762003C58AF /* ShoeMeNotTests */ = {
			isa = PBXGroup;
			children = (
				785505111B017762003C58AF /* ShoeMeNotTests.swift */,
				7855050F1B017762003C58AF /* Supporting Files */,
			);
			path = ShoeMeNotTests;
			sourceTree = "<group>";
		};
		7855050F1B017762003C58AF /* Supporting Files */ = {
			isa = PBXGroup;
			children = (
				785505101B017762003C58AF /* Info.plist */,
			);
			name = "Supporting Files";
			sourceTree = "<group>";
		};
/* End PBXGroup section */

/* Begin PBXNativeTarget section */
		785504F31B017762003C58AF /* ShoeMeNot */ = {
			isa = PBXNativeTarget;
			buildConfigurationList = 785505151B017762003C58AF /* Build configuration list for PBXNativeTarget "ShoeMeNot" */;
			buildPhases = (
				785504F01B017762003C58AF /* Sources */,
				785504F11B017762003C58AF /* Frameworks */,
				785504F21B017762003C58AF /* Resources */,
			);
			buildRules = (
			);
			dependencies = (
			);
			name = ShoeMeNot;
			productName = ShoeMeNot;
			productReference = 785504F41B017762003C58AF /* ShoeMeNot.app */;
			productType = "com.apple.product-type.application";
		};
		7855050A1B017762003C58AF /* ShoeMeNotTests */ = {
			isa = PBXNativeTarget;
			buildConfigurationList = 785505181B017762003C58AF /* Build configuration list for PBXNativeTarget "ShoeMeNotTests" */;
			buildPhases = (
				785505071B017762003C58AF /* Sources */,
				785505081B017762003C58AF /* Frameworks */,
				785505091B017762003C58AF /* Resources */,
			);
			buildRules = (
			);
			dependencies = (
				7855050D1B017762003C58AF /* PBXTargetDependency */,
			);
			name = ShoeMeNotTests;
			productName = ShoeMeNotTests;
			productReference = 7855050B1B017762003C58AF /* ShoeMeNotTests.xctest */;
			productType = "com.apple.product-type.bundle.unit-test";
		};
/* End PBXNativeTarget section */

/* Begin PBXProject section */
		785504EC1B017762003C58AF /* Project object */ = {
			isa = PBXProject;
			attributes = {
				LastUpgradeCheck = 0610;
				ORGANIZATIONNAME = "Vani Khosla";
				TargetAttributes = {
					785504F31B017762003C58AF = {
						CreatedOnToolsVersion = 6.1.1;
						DevelopmentTeam = Y62HH4T2L9;
						SystemCapabilities = {
							com.apple.iCloud = {
								enabled = 1;
							};
						};
					};
					7855050A1B017762003C58AF = {
						CreatedOnToolsVersion = 6.1.1;
						DevelopmentTeam = Y62HH4T2L9;
						TestTargetID = 785504F31B017762003C58AF;
					};
				};
			};
			buildConfigurationList = 785504EF1B017762003C58AF /* Build configuration list for PBXProject "ShoeMeNot" */;
			compatibilityVersion = "Xcode 3.2";
			developmentRegion = English;
			hasScannedForEncodings = 0;
			knownRegions = (
				en,
				Base,
			);
			mainGroup = 785504EB1B017762003C58AF;
			productRefGroup = 785504F51B017762003C58AF /* Products */;
			projectDirPath = "";
			projectRoot = "";
			targets = (
				785504F31B017762003C58AF /* ShoeMeNot */,
				7855050A1B017762003C58AF /* ShoeMeNotTests */,
			);
		};
/* End PBXProject section */

/* Begin PBXResourcesBuildPhase section */
		785504F21B017762003C58AF /* Resources */ = {
			isa = PBXResourcesBuildPhase;
			buildActionMask = 2147483647;
			files = (
				785505011B017762003C58AF /* Main.storyboard in Resources */,
				2FDF8E951B159907002237A7 /* OverlayView.xib in Resources */,
				785505061B017762003C58AF /* LaunchScreen.xib in Resources */,
				785505031B017762003C58AF /* Images.xcassets in Resources */,
			);
			runOnlyForDeploymentPostprocessing = 0;
		};
		785505091B017762003C58AF /* Resources */ = {
			isa = PBXResourcesBuildPhase;
			buildActionMask = 2147483647;
			files = (
				2F8402A51B1518FA00318EDE /* Images.xcassets in Resources */,
			);
			runOnlyForDeploymentPostprocessing = 0;
		};
/* End PBXResourcesBuildPhase section */

/* Begin PBXSourcesBuildPhase section */
		785504F01B017762003C58AF /* Sources */ = {
			isa = PBXSourcesBuildPhase;
			buildActionMask = 2147483647;
			files = (
				BE6D32BE1B178C2D001FBF21 /* DrawViewController.swift in Sources */,
				2FEB1AB61B15052400B80F60 /* CameraController.swift in Sources */,
				2FEA582B1B1AB2A1006C4E5A /* Shoe.swift in Sources */,
				BE7F312F1B26CEC800848A12 /* SearchOptionsViewController.swift in Sources */,
				BE6D32B81B1502AD001FBF21 /* FavoritesViewController.swift in Sources */,
				2F5C23401B1BF579008F25E0 /* ResultsViewController.swift in Sources */,
				BE6D32B61B14F128001FBF21 /* ShoeViewController.swift in Sources */,
				2FEA58291B195280006C4E5A /* SwiftyJSON.swift in Sources */,
				785504FA1B017762003C58AF /* AppDelegate.swift in Sources */,
				2FF17FC11B14609F00BFAEFA /* ShoeHeaderView.swift in Sources */,
				BE290E751B1C2ED70062EDA0 /* HistoryCell.swift in Sources */,
				2F5C233C1B1BDDC1008F25E0 /* ShoeHistory.swift in Sources */,
				2FF17FC51B146D8600BFAEFA /* ShoeCell.swift in Sources */,
				2F75542B1B18F90C0047E878 /* PushNoAnimationSegue.swift in Sources */,
				2F3F25BC1B1E6BDC00F635E7 /* Extensions.swift in Sources */,
				BE6D32BA1B151587001FBF21 /* DiscoverViewController.swift in Sources */,
				2FF17FBD1B14508E00BFAEFA /* HistoryViewController.swift in Sources */,
				2F753E2E1B1AE07C00B0BD42 /* ShoeModel.xcdatamodeld in Sources */,
				2FF17FBF1B14526E00BFAEFA /* Backend.swift in Sources */,
				2F3FAAC91B221970005C8CF5 /* SwiftLoader.swift in Sources */,
			);
			runOnlyForDeploymentPostprocessing = 0;
		};
		785505071B017762003C58AF /* Sources */ = {
			isa = PBXSourcesBuildPhase;
			buildActionMask = 2147483647;
			files = (
				785505121B017762003C58AF /* ShoeMeNotTests.swift in Sources */,
			);
			runOnlyForDeploymentPostprocessing = 0;
		};
/* End PBXSourcesBuildPhase section */

/* Begin PBXTargetDependency section */
		7855050D1B017762003C58AF /* PBXTargetDependency */ = {
			isa = PBXTargetDependency;
			target = 785504F31B017762003C58AF /* ShoeMeNot */;
			targetProxy = 7855050C1B017762003C58AF /* PBXContainerItemProxy */;
		};
/* End PBXTargetDependency section */

/* Begin PBXVariantGroup section */
		785504FF1B017762003C58AF /* Main.storyboard */ = {
			isa = PBXVariantGroup;
			children = (
				785505001B017762003C58AF /* Base */,
			);
			name = Main.storyboard;
			sourceTree = "<group>";
		};
		785505041B017762003C58AF /* LaunchScreen.xib */ = {
			isa = PBXVariantGroup;
			children = (
				785505051B017762003C58AF /* Base */,
			);
			name = LaunchScreen.xib;
			sourceTree = "<group>";
		};
/* End PBXVariantGroup section */

/* Begin XCBuildConfiguration section */
		785505131B017762003C58AF /* Debug */ = {
			isa = XCBuildConfiguration;
			buildSettings = {
				ALWAYS_SEARCH_USER_PATHS = NO;
				CLANG_CXX_LANGUAGE_STANDARD = "gnu++0x";
				CLANG_CXX_LIBRARY = "libc++";
				CLANG_ENABLE_MODULES = YES;
				CLANG_ENABLE_OBJC_ARC = YES;
				CLANG_WARN_BOOL_CONVERSION = YES;
				CLANG_WARN_CONSTANT_CONVERSION = YES;
				CLANG_WARN_DIRECT_OBJC_ISA_USAGE = YES_ERROR;
				CLANG_WARN_EMPTY_BODY = YES;
				CLANG_WARN_ENUM_CONVERSION = YES;
				CLANG_WARN_INT_CONVERSION = YES;
				CLANG_WARN_OBJC_ROOT_CLASS = YES_ERROR;
				CLANG_WARN_UNREACHABLE_CODE = YES;
				CLANG_WARN__DUPLICATE_METHOD_MATCH = YES;
				"CODE_SIGN_IDENTITY[sdk=iphoneos*]" = "iPhone Developer";
				COPY_PHASE_STRIP = NO;
				ENABLE_STRICT_OBJC_MSGSEND = YES;
				GCC_C_LANGUAGE_STANDARD = gnu99;
				GCC_DYNAMIC_NO_PIC = NO;
				GCC_OPTIMIZATION_LEVEL = 0;
				GCC_PREPROCESSOR_DEFINITIONS = (
					"DEBUG=1",
					"$(inherited)",
				);
				GCC_SYMBOLS_PRIVATE_EXTERN = NO;
				GCC_WARN_64_TO_32_BIT_CONVERSION = YES;
				GCC_WARN_ABOUT_RETURN_TYPE = YES_ERROR;
				GCC_WARN_UNDECLARED_SELECTOR = YES;
				GCC_WARN_UNINITIALIZED_AUTOS = YES_AGGRESSIVE;
				GCC_WARN_UNUSED_FUNCTION = YES;
				GCC_WARN_UNUSED_VARIABLE = YES;
				IPHONEOS_DEPLOYMENT_TARGET = 8.1;
				MTL_ENABLE_DEBUG_INFO = YES;
				ONLY_ACTIVE_ARCH = YES;
				SDKROOT = iphoneos;
				SWIFT_OPTIMIZATION_LEVEL = "-Onone";
			};
			name = Debug;
		};
		785505141B017762003C58AF /* Release */ = {
			isa = XCBuildConfiguration;
			buildSettings = {
				ALWAYS_SEARCH_USER_PATHS = NO;
				CLANG_CXX_LANGUAGE_STANDARD = "gnu++0x";
				CLANG_CXX_LIBRARY = "libc++";
				CLANG_ENABLE_MODULES = YES;
				CLANG_ENABLE_OBJC_ARC = YES;
				CLANG_WARN_BOOL_CONVERSION = YES;
				CLANG_WARN_CONSTANT_CONVERSION = YES;
				CLANG_WARN_DIRECT_OBJC_ISA_USAGE = YES_ERROR;
				CLANG_WARN_EMPTY_BODY = YES;
				CLANG_WARN_ENUM_CONVERSION = YES;
				CLANG_WARN_INT_CONVERSION = YES;
				CLANG_WARN_OBJC_ROOT_CLASS = YES_ERROR;
				CLANG_WARN_UNREACHABLE_CODE = YES;
				CLANG_WARN__DUPLICATE_METHOD_MATCH = YES;
				"CODE_SIGN_IDENTITY[sdk=iphoneos*]" = "iPhone Developer";
				COPY_PHASE_STRIP = YES;
				ENABLE_NS_ASSERTIONS = NO;
				ENABLE_STRICT_OBJC_MSGSEND = YES;
				GCC_C_LANGUAGE_STANDARD = gnu99;
				GCC_WARN_64_TO_32_BIT_CONVERSION = YES;
				GCC_WARN_ABOUT_RETURN_TYPE = YES_ERROR;
				GCC_WARN_UNDECLARED_SELECTOR = YES;
				GCC_WARN_UNINITIALIZED_AUTOS = YES_AGGRESSIVE;
				GCC_WARN_UNUSED_FUNCTION = YES;
				GCC_WARN_UNUSED_VARIABLE = YES;
				IPHONEOS_DEPLOYMENT_TARGET = 8.1;
				MTL_ENABLE_DEBUG_INFO = NO;
				SDKROOT = iphoneos;
				VALIDATE_PRODUCT = YES;
			};
			name = Release;
		};
		785505161B017762003C58AF /* Debug */ = {
			isa = XCBuildConfiguration;
			buildSettings = {
				ASSETCATALOG_COMPILER_APPICON_NAME = AppIcon;
				ASSETCATALOG_COMPILER_LAUNCHIMAGE_NAME = LaunchImage;
				CODE_SIGN_ENTITLEMENTS = ShoeMeNot/ShoeMeNot.entitlements;
				CODE_SIGN_IDENTITY = "iPhone Developer";
				"CODE_SIGN_IDENTITY[sdk=iphoneos*]" = "iPhone Developer";
				INFOPLIST_FILE = ShoeMeNot/Info.plist;
				LD_RUNPATH_SEARCH_PATHS = "$(inherited) @executable_path/Frameworks";
				PRODUCT_NAME = "$(TARGET_NAME)";
				PROVISIONING_PROFILE = "";
			};
			name = Debug;
		};
		785505171B017762003C58AF /* Release */ = {
			isa = XCBuildConfiguration;
			buildSettings = {
				ASSETCATALOG_COMPILER_APPICON_NAME = AppIcon;
				ASSETCATALOG_COMPILER_LAUNCHIMAGE_NAME = LaunchImage;
				CODE_SIGN_ENTITLEMENTS = ShoeMeNot/ShoeMeNot.entitlements;
				CODE_SIGN_IDENTITY = "iPhone Developer";
				"CODE_SIGN_IDENTITY[sdk=iphoneos*]" = "iPhone Developer";
				INFOPLIST_FILE = ShoeMeNot/Info.plist;
				LD_RUNPATH_SEARCH_PATHS = "$(inherited) @executable_path/Frameworks";
				PRODUCT_NAME = "$(TARGET_NAME)";
				PROVISIONING_PROFILE = "";
			};
			name = Release;
		};
		785505191B017762003C58AF /* Debug */ = {
			isa = XCBuildConfiguration;
			buildSettings = {
				BUNDLE_LOADER = "$(TEST_HOST)";
				CODE_SIGN_IDENTITY = "iPhone Developer";
				"CODE_SIGN_IDENTITY[sdk=iphoneos*]" = "iPhone Developer";
				FRAMEWORK_SEARCH_PATHS = (
					"$(SDKROOT)/Developer/Library/Frameworks",
					"$(inherited)",
				);
				GCC_PREPROCESSOR_DEFINITIONS = (
					"DEBUG=1",
					"$(inherited)",
				);
				INFOPLIST_FILE = ShoeMeNotTests/Info.plist;
				LD_RUNPATH_SEARCH_PATHS = "$(inherited) @executable_path/Frameworks @loader_path/Frameworks";
				PRODUCT_NAME = "$(TARGET_NAME)";
				PROVISIONING_PROFILE = "";
				TEST_HOST = "$(BUILT_PRODUCTS_DIR)/ShoeMeNot.app/ShoeMeNot";
			};
			name = Debug;
		};
		7855051A1B017762003C58AF /* Release */ = {
			isa = XCBuildConfiguration;
			buildSettings = {
				BUNDLE_LOADER = "$(TEST_HOST)";
				CODE_SIGN_IDENTITY = "iPhone Developer";
				"CODE_SIGN_IDENTITY[sdk=iphoneos*]" = "iPhone Developer";
				FRAMEWORK_SEARCH_PATHS = (
					"$(SDKROOT)/Developer/Library/Frameworks",
					"$(inherited)",
				);
				INFOPLIST_FILE = ShoeMeNotTests/Info.plist;
				LD_RUNPATH_SEARCH_PATHS = "$(inherited) @executable_path/Frameworks @loader_path/Frameworks";
				PRODUCT_NAME = "$(TARGET_NAME)";
				PROVISIONING_PROFILE = "";
				TEST_HOST = "$(BUILT_PRODUCTS_DIR)/ShoeMeNot.app/ShoeMeNot";
			};
			name = Release;
		};
/* End XCBuildConfiguration section */

/* Begin XCConfigurationList section */
		785504EF1B017762003C58AF /* Build configuration list for PBXProject "ShoeMeNot" */ = {
			isa = XCConfigurationList;
			buildConfigurations = (
				785505131B017762003C58AF /* Debug */,
				785505141B017762003C58AF /* Release */,
			);
			defaultConfigurationIsVisible = 0;
			defaultConfigurationName = Release;
		};
		785505151B017762003C58AF /* Build configuration list for PBXNativeTarget "ShoeMeNot" */ = {
			isa = XCConfigurationList;
			buildConfigurations = (
				785505161B017762003C58AF /* Debug */,
				785505171B017762003C58AF /* Release */,
			);
			defaultConfigurationIsVisible = 0;
			defaultConfigurationName = Release;
		};
		785505181B017762003C58AF /* Build configuration list for PBXNativeTarget "ShoeMeNotTests" */ = {
			isa = XCConfigurationList;
			buildConfigurations = (
				785505191B017762003C58AF /* Debug */,
				7855051A1B017762003C58AF /* Release */,
			);
			defaultConfigurationIsVisible = 0;
			defaultConfigurationName = Release;
		};
/* End XCConfigurationList section */

/* Begin XCVersionGroup section */
		2F753E2C1B1AE07C00B0BD42 /* ShoeModel.xcdatamodeld */ = {
			isa = XCVersionGroup;
			children = (
				2F753E2D1B1AE07C00B0BD42 /* ShoeModel.xcdatamodel */,
			);
			currentVersion = 2F753E2D1B1AE07C00B0BD42 /* ShoeModel.xcdatamodel */;
			path = ShoeModel.xcdatamodeld;
			sourceTree = "<group>";
			versionGroupType = wrapper.xcdatamodel;
		};
/* End XCVersionGroup section */
	};
	rootObject = 785504EC1B017762003C58AF /* Project object */;
}
